
Microsoft Visual Studio Solution File, Format Version 12.00
# Visual Studio Version 16
VisualStudioVersion = 16.0.29911.84
MinimumVisualStudioVersion = 10.0.40219.1
Project("{FAE04EC0-301F-11D3-BF4B-00C04F79EFBC}") = "Entidades", "Entidades\Entidades.csproj", "{2BFE1DB6-A746-4F89-9F2B-0796399007FF}"
EndProject
Project("{FAE04EC0-301F-11D3-BF4B-00C04F79EFBC}") = "Datos", "Datos\Datos.csproj", "{231E2A55-65D4-4E13-B13A-575201B392AB}"
EndProject
Project("{FAE04EC0-301F-11D3-BF4B-00C04F79EFBC}") = "Negocio", "Negocio\Negocio.csproj", "{3E79E7C8-1827-4992-9C87-D5FB7E0B29BF}"
EndProject
Project("{FAE04EC0-301F-11D3-BF4B-00C04F79EFBC}") = "Presentacion", "Presentacion\Presentacion.csproj", "{8667CC8A-5490-4F1D-8621-AABDA5F04054}"
EndProject
Global
	GlobalSection(SolutionConfigurationPlatforms) = preSolution
		Debug|Any CPU = Debug|Any CPU
		Release|Any CPU = Release|Any CPU
	EndGlobalSection
	GlobalSection(ProjectConfigurationPlatforms) = postSolution
		{2BFE1DB6-A746-4F89-9F2B-0796399007FF}.Debug|Any CPU.ActiveCfg = Debug|Any CPU
		{2BFE1DB6-A746-4F89-9F2B-0796399007FF}.Debug|Any CPU.Build.0 = Debug|Any CPU
		{2BFE1DB6-A746-4F89-9F2B-0796399007FF}.Release|Any CPU.ActiveCfg = Release|Any CPU
		{2BFE1DB6-A746-4F89-9F2B-0796399007FF}.Release|Any CPU.Build.0 = Release|Any CPU
		{231E2A55-65D4-4E13-B13A-575201B392AB}.Debug|Any CPU.ActiveCfg = Debug|Any CPU
		{231E2A55-65D4-4E13-B13A-575201B392AB}.Debug|Any CPU.Build.0 = Debug|Any CPU
		{231E2A55-65D4-4E13-B13A-575201B392AB}.Release|Any CPU.ActiveCfg = Release|Any CPU
		{231E2A55-65D4-4E13-B13A-575201B392AB}.Release|Any CPU.Build.0 = Release|Any CPU
		{3E79E7C8-1827-4992-9C87-D5FB7E0B29BF}.Debug|Any CPU.ActiveCfg = Debug|Any CPU
		{3E79E7C8-1827-4992-9C87-D5FB7E0B29BF}.Debug|Any CPU.Build.0 = Debug|Any CPU
		{3E79E7C8-1827-4992-9C87-D5FB7E0B29BF}.Release|Any CPU.ActiveCfg = Release|Any CPU
		{3E79E7C8-1827-4992-9C87-D5FB7E0B29BF}.Release|Any CPU.Build.0 = Release|Any CPU
		{8667CC8A-5490-4F1D-8621-AABDA5F04054}.Debug|Any CPU.ActiveCfg = Debug|Any CPU
		{8667CC8A-5490-4F1D-8621-AABDA5F04054}.Debug|Any CPU.Build.0 = Debug|Any CPU
		{8667CC8A-5490-4F1D-8621-AABDA5F04054}.Release|Any CPU.ActiveCfg = Release|Any CPU
		{8667CC8A-5490-4F1D-8621-AABDA5F04054}.Release|Any CPU.Build.0 = Release|Any CPU
	EndGlobalSection
	GlobalSection(SolutionProperties) = preSolution
		HideSolutionNode = FALSE
	EndGlobalSection
	GlobalSection(ExtensibilityGlobals) = postSolution
		SolutionGuid = {2E74F457-B0B6-489C-9FED-6ED088509DF2}
	EndGlobalSection
EndGlobal
